
Microsoft Visual Studio Solution File, Format Version 12.00
# Visual Studio Version 16
VisualStudioVersion = 16.0.31624.102
MinimumVisualStudioVersion = 10.0.40219.1
Project("{FAE04EC0-301F-11D3-BF4B-00C04F79EFBC}") = "Wheel_Of_Fortune", "Wheel_Of_Fortune\Wheel_Of_Fortune.csproj", "{9859C7AE-DAF9-4462-84B9-70D78A97B39B}"
EndProject
Project("{FAE04EC0-301F-11D3-BF4B-00C04F79EFBC}") = "Wheel_Of_Fortune_Testing", "Wheel_Of_Fortune_Testing\Wheel_Of_Fortune_Testing.csproj", "{3F8BA9A9-7ABC-4299-964B-6320B7F71596}"
EndProject
Global
	GlobalSection(SolutionConfigurationPlatforms) = preSolution
		Debug|Any CPU = Debug|Any CPU
		Release|Any CPU = Release|Any CPU
	EndGlobalSection
	GlobalSection(ProjectConfigurationPlatforms) = postSolution
		{9859C7AE-DAF9-4462-84B9-70D78A97B39B}.Debug|Any CPU.ActiveCfg = Debug|Any CPU
		{9859C7AE-DAF9-4462-84B9-70D78A97B39B}.Debug|Any CPU.Build.0 = Debug|Any CPU
		{9859C7AE-DAF9-4462-84B9-70D78A97B39B}.Release|Any CPU.ActiveCfg = Release|Any CPU
		{9859C7AE-DAF9-4462-84B9-70D78A97B39B}.Release|Any CPU.Build.0 = Release|Any CPU
		{3F8BA9A9-7ABC-4299-964B-6320B7F71596}.Debug|Any CPU.ActiveCfg = Debug|Any CPU
		{3F8BA9A9-7ABC-4299-964B-6320B7F71596}.Debug|Any CPU.Build.0 = Debug|Any CPU
		{3F8BA9A9-7ABC-4299-964B-6320B7F71596}.Release|Any CPU.ActiveCfg = Release|Any CPU
		{3F8BA9A9-7ABC-4299-964B-6320B7F71596}.Release|Any CPU.Build.0 = Release|Any CPU
	EndGlobalSection
	GlobalSection(SolutionProperties) = preSolution
		HideSolutionNode = FALSE
	EndGlobalSection
	GlobalSection(ExtensibilityGlobals) = postSolution
		SolutionGuid = {D24504CA-CD23-47E9-A1B0-293491F2FAF0}
	EndGlobalSection
EndGlobal
